dependencies:
- name: openfaas
  repository: https://openfaas.github.io/faas-netes
  version: 14.2.77
- name: minio
  repository: https://charts.bitnami.com/bitnami
  version: 14.7.15
digest: sha256:f64f1e2878237655dacd61fd9465b86d83ccf61d5a4123cd8ba23ce8d1e07fc4
generated: "2024-10-03T11:08:31.891274-04:00"
